// !$*UTF8*$!
{
	archiveVersion = 1;
	classes = {
	};
	objectVersion = 48;
	objects = {

/* Begin PBXBuildFile section */
		4FF79B612023039E00CF2E08 /* AppDelegate.swift in Sources */ = {isa = PBXBuildFile; fileRef = 4FF79B602023039E00CF2E08 /* AppDelegate.swift */; };
		4FF79B632023039E00CF2E08 /* ViewController.swift in Sources */ = {isa = PBXBuildFile; fileRef = 4FF79B622023039E00CF2E08 /* ViewController.swift */; };
		4FF79B662023039E00CF2E08 /* Main.storyboard in Resources */ = {isa = PBXBuildFile; fileRef = 4FF79B642023039E00CF2E08 /* Main.storyboard */; };
		4FF79B682023039E00CF2E08 /* Assets.xcassets in Resources */ = {isa = PBXBuildFile; fileRef = 4FF79B672023039E00CF2E08 /* Assets.xcassets */; };
		4FF79B6B2023039E00CF2E08 /* LaunchScreen.storyboard in Resources */ = {isa = PBXBuildFile; fileRef = 4FF79B692023039E00CF2E08 /* LaunchScreen.storyboard */; };
		53D6E9C60BCEBC09AB01C750 /* Pods_FlowerPower.framework in Frameworks */ = {isa = PBXBuildFile; fileRef = 3A798D293FBC408641CFA89A /* Pods_FlowerPower.framework */; };
/* End PBXBuildFile section */

/* Begin PBXFileReference section */
		3A798D293FBC408641CFA89A /* Pods_FlowerPower.framework */ = {isa = PBXFileReference; explicitFileType = wrapper.framework; includeInIndex = 0; path = Pods_FlowerPower.framework; sourceTree = BUILT_PRODUCTS_DIR; };
		3B15408F8A240C88AED763D5 /* Pods-FlowerPower.release.xcconfig */ = {isa = PBXFileReference; includeInIndex = 1; lastKnownFileType = text.xcconfig; name = "Pods-FlowerPower.release.xcconfig"; path = "Pods/Target Support Files/Pods-FlowerPower/Pods-FlowerPower.release.xcconfig"; sourceTree = "<group>"; };
		4FF79B5D2023039E00CF2E08 /* FlowerPower.app */ = {isa = PBXFileReference; explicitFileType = wrapper.application; includeInIndex = 0; path = FlowerPower.app; sourceTree = BUILT_PRODUCTS_DIR; };
		4FF79B602023039E00CF2E08 /* AppDelegate.swift */ = {isa = PBXFileReference; lastKnownFileType = sourcecode.swift; path = AppDelegate.swift; sourceTree = "<group>"; };
		4FF79B622023039E00CF2E08 /* ViewController.swift */ = {isa = PBXFileReference; lastKnownFileType = sourcecode.swift; path = ViewController.swift; sourceTree = "<group>"; };
		4FF79B652023039E00CF2E08 /* Base */ = {isa = PBXFileReference; lastKnownFileType = file.storyboard; name = Base; path = Base.lproj/Main.storyboard; sourceTree = "<group>"; };
		4FF79B672023039E00CF2E08 /* Assets.xcassets */ = {isa = PBXFileReference; lastKnownFileType = folder.assetcatalog; path = Assets.xcassets; sourceTree = "<group>"; };
		4FF79B6A2023039E00CF2E08 /* Base */ = {isa = PBXFileReference; lastKnownFileType = file.storyboard; name = Base; path = Base.lproj/LaunchScreen.storyboard; sourceTree = "<group>"; };
		4FF79B6C2023039E00CF2E08 /* Info.plist */ = {isa = PBXFileReference; lastKnownFileType = text.plist.xml; path = Info.plist; sourceTree = "<group>"; };
		E38756A53FCD7997628F3B43 /* Pods-FlowerPower.debug.xcconfig */ = {isa = PBXFileReference; includeInIndex = 1; lastKnownFileType = text.xcconfig; name = "Pods-FlowerPower.debug.xcconfig"; path = "Pods/Target Support Files/Pods-FlowerPower/Pods-FlowerPower.debug.xcconfig"; sourceTree = "<group>"; };
/* End PBXFileReference section */

/* Begin PBXFrameworksBuildPhase section */
		4FF79B5A2023039E00CF2E08 /* Frameworks */ = {
			isa = PBXFrameworksBuildPhase;
			buildActionMask = 2147483647;
			files = (
				53D6E9C60BCEBC09AB01C750 /* Pods_FlowerPower.framework in Frameworks */,
			);
			runOnlyForDeploymentPostprocessing = 0;
		};
/* End PBXFrameworksBuildPhase section */

/* Begin PBXGroup section */
		009EE57E4160741745158DCC /* Frameworks */ = {
			isa = PBXGroup;
			children = (
				3A798D293FBC408641CFA89A /* Pods_FlowerPower.framework */,
			);
			name = Frameworks;
			sourceTree = "<group>";
		};
		4FF79B542023039E00CF2E08 = {
			isa = PBXGroup;
			children = (
				4FF79B5F2023039E00CF2E08 /* FlowerPower */,
				4FF79B5E2023039E00CF2E08 /* Products */,
				C3A54BD78F6DD4EA23351A9C /* Pods */,
				009EE57E4160741745158DCC /* Frameworks */,
			);
			sourceTree = "<group>";
		};
		4FF79B5E2023039E00CF2E08 /* Products */ = {
			isa = PBXGroup;
			children = (
				4FF79B5D2023039E00CF2E08 /* FlowerPower.app */,
			);
			name = Products;
			sourceTree = "<group>";
		};
		4FF79B5F2023039E00CF2E08 /* FlowerPower */ = {
			isa = PBXGroup;
			children = (
				4FF79B602023039E00CF2E08 /* AppDelegate.swift */,
				4FF79B622023039E00CF2E08 /* ViewController.swift */,
				4FF79B642023039E00CF2E08 /* Main.storyboard */,
				4FF79B672023039E00CF2E08 /* Assets.xcassets */,
				4FF79B692023039E00CF2E08 /* LaunchScreen.storyboard */,
				4FF79B6C2023039E00CF2E08 /* Info.plist */,
			);
			path = FlowerPower;
			sourceTree = "<group>";
		};
		C3A54BD78F6DD4EA23351A9C /* Pods */ = {
			isa = PBXGroup;
			children = (
				E38756A53FCD7997628F3B43 /* Pods-FlowerPower.debug.xcconfig */,
				3B15408F8A240C88AED763D5 /* Pods-FlowerPower.release.xcconfig */,
			);
			name = Pods;
			sourceTree = "<group>";
		};
/* End PBXGroup section */

/* Begin PBXNativeTarget section */
		4FF79B5C2023039E00CF2E08 /* FlowerPower */ = {
			isa = PBXNativeTarget;
			buildConfigurationList = 4FF79B6F2023039E00CF2E08 /* Build configuration list for PBXNativeTarget "FlowerPower" */;
			buildPhases = (
				9A2A25C5B9EF7ED673B26662 /* [CP] Check Pods Manifest.lock */,
				4FF79B592023039E00CF2E08 /* Sources */,
				4FF79B5A2023039E00CF2E08 /* Frameworks */,
				4FF79B5B2023039E00CF2E08 /* Resources */,
				FFA435561F21DAF4A5ABB08F /* [CP] Embed Pods Frameworks */,
				A5903895F439BF13BDBC8863 /* [CP] Copy Pods Resources */,
			);
			buildRules = (
			);
			dependencies = (
			);
			name = FlowerPower;
			productName = FlowerPower;
			productReference = 4FF79B5D2023039E00CF2E08 /* FlowerPower.app */;
			productType = "com.apple.product-type.application";
		};
/* End PBXNativeTarget section */

/* Begin PBXProject section */
		4FF79B552023039E00CF2E08 /* Project object */ = {
			isa = PBXProject;
			attributes = {
				LastSwiftUpdateCheck = 0920;
				LastUpgradeCheck = 0920;
				ORGANIZATIONNAME = "Padurariu Bogdan";
				TargetAttributes = {
					4FF79B5C2023039E00CF2E08 = {
						CreatedOnToolsVersion = 9.2;
						ProvisioningStyle = Automatic;
					};
				};
			};
			buildConfigurationList = 4FF79B582023039E00CF2E08 /* Build configuration list for PBXProject "FlowerPower" */;
			compatibilityVersion = "Xcode 8.0";
			developmentRegion = en;
			hasScannedForEncodings = 0;
			knownRegions = (
				en,
				Base,
			);
			mainGroup = 4FF79B542023039E00CF2E08;
			productRefGroup = 4FF79B5E2023039E00CF2E08 /* Products */;
			projectDirPath = "";
			projectRoot = "";
			targets = (
				4FF79B5C2023039E00CF2E08 /* FlowerPower */,
			);
		};
/* End PBXProject section */

/* Begin PBXResourcesBuildPhase section */
		4FF79B5B2023039E00CF2E08 /* Resources */ = {
			isa = PBXResourcesBuildPhase;
			buildActionMask = 2147483647;
			files = (
				4FF79B6B2023039E00CF2E08 /* LaunchScreen.storyboard in Resources */,
				4FF79B682023039E00CF2E08 /* Assets.xcassets in Resources */,
				4FF79B662023039E00CF2E08 /* Main.storyboard in Resources */,
			);
			runOnlyForDeploymentPostprocessing = 0;
		};
/* End PBXResourcesBuildPhase section */

/* Begin PBXShellScriptBuildPhase section */
		9A2A25C5B9EF7ED673B26662 /* [CP] Check Pods Manifest.lock */ = {
			isa = PBXShellScriptBuildPhase;
			buildActionMask = 2147483647;
			files = (
			);
			inputPaths = (
				"${PODS_PODFILE_DIR_PATH}/Podfile.lock",
				"${PODS_ROOT}/Manifest.lock",
			);
			name = "[CP] Check Pods Manifest.lock";
			outputPaths = (
				"$(DERIVED_FILE_DIR)/Pods-FlowerPower-checkManifestLockResult.txt",
			);
			runOnlyForDeploymentPostprocessing = 0;
			shellPath = /bin/sh;
			shellScript = "diff \"${PODS_PODFILE_DIR_PATH}/Podfile.lock\" \"${PODS_ROOT}/Manifest.lock\" > /dev/null\nif [ $? != 0 ] ; then\n    # print error to STDERR\n    echo \"error: The sandbox is not in sync with the Podfile.lock. Run 'pod install' or update your CocoaPods installation.\" >&2\n    exit 1\nfi\n# This output is used by Xcode 'outputs' to avoid re-running this script phase.\necho \"SUCCESS\" > \"${SCRIPT_OUTPUT_FILE_0}\"\n";
			showEnvVarsInLog = 0;
		};
		A5903895F439BF13BDBC8863 /* [CP] Copy Pods Resources */ = {
			isa = PBXShellScriptBuildPhase;
			buildActionMask = 2147483647;
			files = (
			);
			inputPaths = (
			);
			name = "[CP] Copy Pods Resources";
			outputPaths = (
			);
			runOnlyForDeploymentPostprocessing = 0;
			shellPath = /bin/sh;
			shellScript = "\"${SRCROOT}/Pods/Target Support Files/Pods-FlowerPower/Pods-FlowerPower-resources.sh\"\n";
			showEnvVarsInLog = 0;
		};
		FFA435561F21DAF4A5ABB08F /* [CP] Embed Pods Frameworks */ = {
			isa = PBXShellScriptBuildPhase;
			buildActionMask = 2147483647;
			files = (
			);
			inputPaths = (
				"${SRCROOT}/Pods/Target Support Files/Pods-FlowerPower/Pods-FlowerPower-frameworks.sh",
				"${BUILT_PRODUCTS_DIR}/Alamofire/Alamofire.framework",
			);
			name = "[CP] Embed Pods Frameworks";
			outputPaths = (
				"${TARGET_BUILD_DIR}/${FRAMEWORKS_FOLDER_PATH}/Alamofire.framework",
			);
			runOnlyForDeploymentPostprocessing = 0;
			shellPath = /bin/sh;
			shellScript = "\"${SRCROOT}/Pods/Target Support Files/Pods-FlowerPower/Pods-FlowerPower-frameworks.sh\"\n";
			showEnvVarsInLog = 0;
		};
/* End PBXShellScriptBuildPhase section */

/* Begin PBXSourcesBuildPhase section */
		4FF79B592023039E00CF2E08 /* Sources */ = {
			isa = PBXSourcesBuildPhase;
			buildActionMask = 2147483647;
			files = (
				4FF79B632023039E00CF2E08 /* ViewController.swift in Sources */,
				4FF79B612023039E00CF2E08 /* AppDelegate.swift in Sources */,
			);
			runOnlyForDeploymentPostprocessing = 0;
		};
/* End PBXSourcesBuildPhase section */

/* Begin PBXVariantGroup section */
		4FF79B642023039E00CF2E08 /* Main.storyboard */ = {
			isa = PBXVariantGroup;
			children = (
				4FF79B652023039E00CF2E08 /* Base */,
			);
			name = Main.storyboard;
			sourceTree = "<group>";
		};
		4FF79B692023039E00CF2E08 /* LaunchScreen.storyboard */ = {
			isa = PBXVariantGroup;
			children = (
				4FF79B6A2023039E00CF2E08 /* Base */,
			);
			name = LaunchScreen.storyboard;
			sourceTree = "<group>";
		};
/* End PBXVariantGroup section */

/* Begin XCBuildConfiguration section */
		4FF79B6D2023039E00CF2E08 /* Debug */ = {
			isa = XCBuildConfiguration;
			buildSettings = {
				ALWAYS_SEARCH_USER_PATHS = NO;
				CLANG_ANALYZER_NONNULL = YES;
				CLANG_ANALYZER_NUMBER_OBJECT_CONVERSION = YES_AGGRESSIVE;
				CLANG_CXX_LANGUAGE_STANDARD = "gnu++14";
				CLANG_CXX_LIBRARY = "libc++";
				CLANG_ENABLE_MODULES = YES;
				CLANG_ENABLE_OBJC_ARC = YES;
				CLANG_WARN_BLOCK_CAPTURE_AUTORELEASING = YES;
				CLANG_WARN_BOOL_CONVERSION = YES;
				CLANG_WARN_COMMA = YES;
				CLANG_WARN_CONSTANT_CONVERSION = YES;
				CLANG_WARN_DIRECT_OBJC_ISA_USAGE = YES_ERROR;
				CLANG_WARN_DOCUMENTATION_COMMENTS = YES;
				CLANG_WARN_EMPTY_BODY = YES;
				CLANG_WARN_ENUM_CONVERSION = YES;
				CLANG_WARN_INFINITE_RECURSION = YES;
				CLANG_WARN_INT_CONVERSION = YES;
				CLANG_WARN_NON_LITERAL_NULL_CONVERSION = YES;
				CLANG_WARN_OBJC_LITERAL_CONVERSION = YES;
				CLANG_WARN_OBJC_ROOT_CLASS = YES_ERROR;
				CLANG_WARN_RANGE_LOOP_ANALYSIS = YES;
				CLANG_WARN_STRICT_PROTOTYPES = YES;
				CLANG_WARN_SUSPICIOUS_MOVE = YES;
				CLANG_WARN_UNGUARDED_AVAILABILITY = YES_AGGRESSIVE;
				CLANG_WARN_UNREACHABLE_CODE = YES;
				CLANG_WARN__DUPLICATE_METHOD_MATCH = YES;
				CODE_SIGN_IDENTITY = "iPhone Developer";
				COPY_PHASE_STRIP = NO;
				DEBUG_INFORMATION_FORMAT = dwarf;
				ENABLE_STRICT_OBJC_MSGSEND = YES;
				ENABLE_TESTABILITY = YES;
				GCC_C_LANGUAGE_STANDARD = gnu11;
				GCC_DYNAMIC_NO_PIC = NO;
				GCC_NO_COMMON_BLOCKS = YES;
				GCC_OPTIMIZATION_LEVEL = 0;
				GCC_PREPROCESSOR_DEFINITIONS = (
					"DEBUG=1",
					"$(inherited)",
				);
				GCC_WARN_64_TO_32_BIT_CONVERSION = YES;
				GCC_WARN_ABOUT_RETURN_TYPE = YES_ERROR;
				GCC_WARN_UNDECLARED_SELECTOR = YES;
				GCC_WARN_UNINITIALIZED_AUTOS = YES_AGGRESSIVE;
				GCC_WARN_UNUSED_FUNCTION = YES;
				GCC_WARN_UNUSED_VARIABLE = YES;
				IPHONEOS_DEPLOYMENT_TARGET = 11.2;
				MTL_ENABLE_DEBUG_INFO = YES;
				ONLY_ACTIVE_ARCH = YES;
				SDKROOT = iphoneos;
				SWIFT_ACTIVE_COMPILATION_CONDITIONS = DEBUG;
				SWIFT_OPTIMIZATION_LEVEL = "-Onone";
			};
			name = Debug;
		};
		4FF79B6E2023039E00CF2E08 /* Release */ = {
			isa = XCBuildConfiguration;
			buildSettings = {
				ALWAYS_SEARCH_USER_PATHS = NO;
				CLANG_ANALYZER_NONNULL = YES;
				CLANG_ANALYZER_NUMBER_OBJECT_CONVERSION = YES_AGGRESSIVE;
				CLANG_CXX_LANGUAGE_STANDARD = "gnu++14";
				CLANG_CXX_LIBRARY = "libc++";
				CLANG_ENABLE_MODULES = YES;
				CLANG_ENABLE_OBJC_ARC = YES;
				CLANG_WARN_BLOCK_CAPTURE_AUTORELEASING = YES;
				CLANG_WARN_BOOL_CONVERSION = YES;
				CLANG_WARN_COMMA = YES;
				CLANG_WARN_CONSTANT_CONVERSION = YES;
				CLANG_WARN_DIRECT_OBJC_ISA_USAGE = YES_ERROR;
				CLANG_WARN_DOCUMENTATION_COMMENTS = YES;
				CLANG_WARN_EMPTY_BODY = YES;
				CLANG_WARN_ENUM_CONVERSION = YES;
				CLANG_WARN_INFINITE_RECURSION = YES;
				CLANG_WARN_INT_CONVERSION = YES;
				CLANG_WARN_NON_LITERAL_NULL_CONVERSION = YES;
				CLANG_WARN_OBJC_LITERAL_CONVERSION = YES;
				CLANG_WARN_OBJC_ROOT_CLASS = YES_ERROR;
				CLANG_WARN_RANGE_LOOP_ANALYSIS = YES;
				CLANG_WARN_STRICT_PROTOTYPES = YES;
				CLANG_WARN_SUSPICIOUS_MOVE = YES;
				CLANG_WARN_UNGUARDED_AVAILABILITY = YES_AGGRESSIVE;
				CLANG_WARN_UNREACHABLE_CODE = YES;
				CLANG_WARN__DUPLICATE_METHOD_MATCH = YES;
				CODE_SIGN_IDENTITY = "iPhone Developer";
				COPY_PHASE_STRIP = NO;
				DEBUG_INFORMATION_FORMAT = "dwarf-with-dsym";
				ENABLE_NS_ASSERTIONS = NO;
				ENABLE_STRICT_OBJC_MSGSEND = YES;
				GCC_C_LANGUAGE_STANDARD = gnu11;
				GCC_NO_COMMON_BLOCKS = YES;
				GCC_WARN_64_TO_32_BIT_CONVERSION = YES;
				GCC_WARN_ABOUT_RETURN_TYPE = YES_ERROR;
				GCC_WARN_UNDECLARED_SELECTOR = YES;
				GCC_WARN_UNINITIALIZED_AUTOS = YES_AGGRESSIVE;
				GCC_WARN_UNUSED_FUNCTION = YES;
				GCC_WARN_UNUSED_VARIABLE = YES;
				IPHONEOS_DEPLOYMENT_TARGET = 11.2;
				MTL_ENABLE_DEBUG_INFO = NO;
				SDKROOT = iphoneos;
				SWIFT_OPTIMIZATION_LEVEL = "-Owholemodule";
				VALIDATE_PRODUCT = YES;
			};
			name = Release;
		};
		4FF79B702023039E00CF2E08 /* Debug */ = {
			isa = XCBuildConfiguration;
			baseConfigurationReference = E38756A53FCD7997628F3B43 /* Pods-FlowerPower.debug.xcconfig */;
			buildSettings = {
				ASSETCATALOG_COMPILER_APPICON_NAME = AppIcon;
				CODE_SIGN_STYLE = Automatic;
				INFOPLIST_FILE = FlowerPower/Info.plist;
				LD_RUNPATH_SEARCH_PATHS = "$(inherited) @executable_path/Frameworks";
				PRODUCT_BUNDLE_IDENTIFIER = bogdan.padurariu.FlowerPower;
				PRODUCT_NAME = "$(TARGET_NAME)";
				SWIFT_VERSION = 4.0;
				TARGETED_DEVICE_FAMILY = "1,2";
			};
			name = Debug;
		};
		4FF79B712023039E00CF2E08 /* Release */ = {
			isa = XCBuildConfiguration;
			baseConfigurationReference = 3B15408F8A240C88AED763D5 /* Pods-FlowerPower.release.xcconfig */;
			buildSettings = {
				ASSETCATALOG_COMPILER_APPICON_NAME = AppIcon;
				CODE_SIGN_STYLE = Automatic;
				INFOPLIST_FILE = FlowerPower/Info.plist;
				LD_RUNPATH_SEARCH_PATHS = "$(inherited) @executable_path/Frameworks";
				PRODUCT_BUNDLE_IDENTIFIER = bogdan.padurariu.FlowerPower;
				PRODUCT_NAME = "$(TARGET_NAME)";
				SWIFT_VERSION = 4.0;
				TARGETED_DEVICE_FAMILY = "1,2";
			};
			name = Release;
		};
/* End XCBuildConfiguration section */

/* Begin XCConfigurationList section */
		4FF79B582023039E00CF2E08 /* Build configuration list for PBXProject "FlowerPower" */ = {
			isa = XCConfigurationList;
			buildConfigurations = (
				4FF79B6D2023039E00CF2E08 /* Debug */,
				4FF79B6E2023039E00CF2E08 /* Release */,
			);
			defaultConfigurationIsVisible = 0;
			defaultConfigurationName = Release;
		};
		4FF79B6F2023039E00CF2E08 /* Build configuration list for PBXNativeTarget "FlowerPower" */ = {
			isa = XCConfigurationList;
			buildConfigurations = (
				4FF79B702023039E00CF2E08 /* Debug */,
				4FF79B712023039E00CF2E08 /* Release */,
			);
			defaultConfigurationIsVisible = 0;
			defaultConfigurationName = Release;
		};
/* End XCConfigurationList section */
	};
	rootObject = 4FF79B552023039E00CF2E08 /* Project object */;
}
